// !$*UTF8*$!
{
	archiveVersion = 1;
	classes = {
	};
	objectVersion = 56;
	objects = {

/* Begin PBXBuildFile section */
		75D5CB3F29F98F8100F8761B /* AppDelegate.swift in Sources */ = {isa = PBXBuildFile; fileRef = 75D5CB3E29F98F8100F8761B /* AppDelegate.swift */; };
		75D5CB4129F98F8100F8761B /* SceneDelegate.swift in Sources */ = {isa = PBXBuildFile; fileRef = 75D5CB4029F98F8100F8761B /* SceneDelegate.swift */; };
		75D5CB4829F98F8300F8761B /* Assets.xcassets in Resources */ = {isa = PBXBuildFile; fileRef = 75D5CB4729F98F8300F8761B /* Assets.xcassets */; };
		75D5CB4B29F98F8300F8761B /* LaunchScreen.storyboard in Resources */ = {isa = PBXBuildFile; fileRef = 75D5CB4929F98F8300F8761B /* LaunchScreen.storyboard */; };
		75D5CB5329F9926000F8761B /* LoginScreenAssembly.swift in Sources */ = {isa = PBXBuildFile; fileRef = 75D5CB5229F9926000F8761B /* LoginScreenAssembly.swift */; };
		75D5CB5529F992C600F8761B /* LoginScreenRouter.swift in Sources */ = {isa = PBXBuildFile; fileRef = 75D5CB5429F992C600F8761B /* LoginScreenRouter.swift */; };
		75D5CB5729F992D200F8761B /* LoginScreenPresenter.swift in Sources */ = {isa = PBXBuildFile; fileRef = 75D5CB5629F992D200F8761B /* LoginScreenPresenter.swift */; };
		75D5CB5929F992DD00F8761B /* LoginScreenViewController.swift in Sources */ = {isa = PBXBuildFile; fileRef = 75D5CB5829F992DD00F8761B /* LoginScreenViewController.swift */; };
		75D5CB6729FAD16200F8761B /* AuthWebViewController.swift in Sources */ = {isa = PBXBuildFile; fileRef = 75D5CB6629FAD16200F8761B /* AuthWebViewController.swift */; };
		75DFCF1F29FB1FB50027F8F7 /* AuthWebViewAssembly.swift in Sources */ = {isa = PBXBuildFile; fileRef = 75DFCF1E29FB1FB50027F8F7 /* AuthWebViewAssembly.swift */; };
		75DFCF2129FB1FC00027F8F7 /* AuthWebViewPresenter.swift in Sources */ = {isa = PBXBuildFile; fileRef = 75DFCF2029FB1FC00027F8F7 /* AuthWebViewPresenter.swift */; };
		75DFCF2329FB1FCE0027F8F7 /* AuthWebViewRouter.swift in Sources */ = {isa = PBXBuildFile; fileRef = 75DFCF2229FB1FCE0027F8F7 /* AuthWebViewRouter.swift */; };
/* End PBXBuildFile section */

/* Begin PBXFileReference section */
		75D5CB3B29F98F8100F8761B /* mobileup-vkimage.app */ = {isa = PBXFileReference; explicitFileType = wrapper.application; includeInIndex = 0; path = "mobileup-vkimage.app"; sourceTree = BUILT_PRODUCTS_DIR; };
		75D5CB3E29F98F8100F8761B /* AppDelegate.swift */ = {isa = PBXFileReference; lastKnownFileType = sourcecode.swift; path = AppDelegate.swift; sourceTree = "<group>"; };
		75D5CB4029F98F8100F8761B /* SceneDelegate.swift */ = {isa = PBXFileReference; lastKnownFileType = sourcecode.swift; path = SceneDelegate.swift; sourceTree = "<group>"; };
		75D5CB4729F98F8300F8761B /* Assets.xcassets */ = {isa = PBXFileReference; lastKnownFileType = folder.assetcatalog; path = Assets.xcassets; sourceTree = "<group>"; };
		75D5CB4A29F98F8300F8761B /* Base */ = {isa = PBXFileReference; lastKnownFileType = file.storyboard; name = Base; path = Base.lproj/LaunchScreen.storyboard; sourceTree = "<group>"; };
		75D5CB4C29F98F8300F8761B /* Info.plist */ = {isa = PBXFileReference; lastKnownFileType = text.plist.xml; path = Info.plist; sourceTree = "<group>"; };
		75D5CB5229F9926000F8761B /* LoginScreenAssembly.swift */ = {isa = PBXFileReference; lastKnownFileType = sourcecode.swift; path = LoginScreenAssembly.swift; sourceTree = "<group>"; };
		75D5CB5429F992C600F8761B /* LoginScreenRouter.swift */ = {isa = PBXFileReference; lastKnownFileType = sourcecode.swift; path = LoginScreenRouter.swift; sourceTree = "<group>"; };
		75D5CB5629F992D200F8761B /* LoginScreenPresenter.swift */ = {isa = PBXFileReference; lastKnownFileType = sourcecode.swift; path = LoginScreenPresenter.swift; sourceTree = "<group>"; };
		75D5CB5829F992DD00F8761B /* LoginScreenViewController.swift */ = {isa = PBXFileReference; lastKnownFileType = sourcecode.swift; path = LoginScreenViewController.swift; sourceTree = "<group>"; };
		75D5CB6629FAD16200F8761B /* AuthWebViewController.swift */ = {isa = PBXFileReference; lastKnownFileType = sourcecode.swift; path = AuthWebViewController.swift; sourceTree = "<group>"; };
		75DFCF1E29FB1FB50027F8F7 /* AuthWebViewAssembly.swift */ = {isa = PBXFileReference; lastKnownFileType = sourcecode.swift; path = AuthWebViewAssembly.swift; sourceTree = "<group>"; };
		75DFCF2029FB1FC00027F8F7 /* AuthWebViewPresenter.swift */ = {isa = PBXFileReference; lastKnownFileType = sourcecode.swift; path = AuthWebViewPresenter.swift; sourceTree = "<group>"; };
		75DFCF2229FB1FCE0027F8F7 /* AuthWebViewRouter.swift */ = {isa = PBXFileReference; lastKnownFileType = sourcecode.swift; path = AuthWebViewRouter.swift; sourceTree = "<group>"; };
/* End PBXFileReference section */

/* Begin PBXFrameworksBuildPhase section */
		75D5CB3829F98F8100F8761B /* Frameworks */ = {
			isa = PBXFrameworksBuildPhase;
			buildActionMask = 2147483647;
			files = (
			);
			runOnlyForDeploymentPostprocessing = 0;
		};
/* End PBXFrameworksBuildPhase section */

/* Begin PBXGroup section */
		75D5CB3229F98F8100F8761B = {
			isa = PBXGroup;
			children = (
				75D5CB3D29F98F8100F8761B /* mobileup-vkimage */,
				75D5CB3C29F98F8100F8761B /* Products */,
			);
			sourceTree = "<group>";
		};
		75D5CB3C29F98F8100F8761B /* Products */ = {
			isa = PBXGroup;
			children = (
				75D5CB3B29F98F8100F8761B /* mobileup-vkimage.app */,
			);
			name = Products;
			sourceTree = "<group>";
		};
		75D5CB3D29F98F8100F8761B /* mobileup-vkimage */ = {
			isa = PBXGroup;
			children = (
				75D5CB3E29F98F8100F8761B /* AppDelegate.swift */,
				75D5CB4029F98F8100F8761B /* SceneDelegate.swift */,
				75D5CB5A29F9946100F8761B /* UI */,
				75D5CB4729F98F8300F8761B /* Assets.xcassets */,
				75D5CB4929F98F8300F8761B /* LaunchScreen.storyboard */,
				75D5CB4C29F98F8300F8761B /* Info.plist */,
			);
			path = "mobileup-vkimage";
			sourceTree = "<group>";
		};
		75D5CB5A29F9946100F8761B /* UI */ = {
			isa = PBXGroup;
			children = (
				75D5CB5B29F9947500F8761B /* Screens */,
			);
			path = UI;
			sourceTree = "<group>";
		};
		75D5CB5B29F9947500F8761B /* Screens */ = {
			isa = PBXGroup;
			children = (
				75D5CB5C29F9949100F8761B /* LoginScreen */,
				75DFCF1D29FB1F9C0027F8F7 /* AuthWebView */,
			);
			path = Screens;
			sourceTree = "<group>";
		};
		75D5CB5C29F9949100F8761B /* LoginScreen */ = {
			isa = PBXGroup;
			children = (
				75D5CB5229F9926000F8761B /* LoginScreenAssembly.swift */,
				75D5CB5629F992D200F8761B /* LoginScreenPresenter.swift */,
				75D5CB5829F992DD00F8761B /* LoginScreenViewController.swift */,
				75D5CB5429F992C600F8761B /* LoginScreenRouter.swift */,
			);
			path = LoginScreen;
			sourceTree = "<group>";
		};
		75DFCF1D29FB1F9C0027F8F7 /* AuthWebView */ = {
			isa = PBXGroup;
			children = (
				75DFCF1E29FB1FB50027F8F7 /* AuthWebViewAssembly.swift */,
				75DFCF2029FB1FC00027F8F7 /* AuthWebViewPresenter.swift */,
				75D5CB6629FAD16200F8761B /* AuthWebViewController.swift */,
				75DFCF2229FB1FCE0027F8F7 /* AuthWebViewRouter.swift */,
			);
			path = AuthWebView;
			sourceTree = "<group>";
		};
/* End PBXGroup section */

/* Begin PBXNativeTarget section */
		75D5CB3A29F98F8100F8761B /* mobileup-vkimage */ = {
			isa = PBXNativeTarget;
			buildConfigurationList = 75D5CB4F29F98F8300F8761B /* Build configuration list for PBXNativeTarget "mobileup-vkimage" */;
			buildPhases = (
				75D5CB3729F98F8100F8761B /* Sources */,
				75D5CB3829F98F8100F8761B /* Frameworks */,
				75D5CB3929F98F8100F8761B /* Resources */,
			);
			buildRules = (
			);
			dependencies = (
			);
			name = "mobileup-vkimage";
			productName = "mobileup-vkimage";
			productReference = 75D5CB3B29F98F8100F8761B /* mobileup-vkimage.app */;
			productType = "com.apple.product-type.application";
		};
/* End PBXNativeTarget section */

/* Begin PBXProject section */
		75D5CB3329F98F8100F8761B /* Project object */ = {
			isa = PBXProject;
			attributes = {
				BuildIndependentTargetsInParallel = 1;
				LastSwiftUpdateCheck = 1430;
				LastUpgradeCheck = 1430;
				TargetAttributes = {
					75D5CB3A29F98F8100F8761B = {
						CreatedOnToolsVersion = 14.3;
					};
				};
			};
			buildConfigurationList = 75D5CB3629F98F8100F8761B /* Build configuration list for PBXProject "mobileup-vkimage" */;
			compatibilityVersion = "Xcode 14.0";
			developmentRegion = en;
			hasScannedForEncodings = 0;
			knownRegions = (
				en,
				Base,
			);
			mainGroup = 75D5CB3229F98F8100F8761B;
			productRefGroup = 75D5CB3C29F98F8100F8761B /* Products */;
			projectDirPath = "";
			projectRoot = "";
			targets = (
				75D5CB3A29F98F8100F8761B /* mobileup-vkimage */,
			);
		};
/* End PBXProject section */

/* Begin PBXResourcesBuildPhase section */
		75D5CB3929F98F8100F8761B /* Resources */ = {
			isa = PBXResourcesBuildPhase;
			buildActionMask = 2147483647;
			files = (
				75D5CB4B29F98F8300F8761B /* LaunchScreen.storyboard in Resources */,
				75D5CB4829F98F8300F8761B /* Assets.xcassets in Resources */,
			);
			runOnlyForDeploymentPostprocessing = 0;
		};
/* End PBXResourcesBuildPhase section */

/* Begin PBXSourcesBuildPhase section */
		75D5CB3729F98F8100F8761B /* Sources */ = {
			isa = PBXSourcesBuildPhase;
			buildActionMask = 2147483647;
			files = (
				75DFCF2129FB1FC00027F8F7 /* AuthWebViewPresenter.swift in Sources */,
				75DFCF1F29FB1FB50027F8F7 /* AuthWebViewAssembly.swift in Sources */,
				75DFCF2329FB1FCE0027F8F7 /* AuthWebViewRouter.swift in Sources */,
				75D5CB6729FAD16200F8761B /* AuthWebViewController.swift in Sources */,
				75D5CB5929F992DD00F8761B /* LoginScreenViewController.swift in Sources */,
				75D5CB5329F9926000F8761B /* LoginScreenAssembly.swift in Sources */,
				75D5CB3F29F98F8100F8761B /* AppDelegate.swift in Sources */,
				75D5CB5529F992C600F8761B /* LoginScreenRouter.swift in Sources */,
				75D5CB5729F992D200F8761B /* LoginScreenPresenter.swift in Sources */,
				75D5CB4129F98F8100F8761B /* SceneDelegate.swift in Sources */,
			);
			runOnlyForDeploymentPostprocessing = 0;
		};
/* End PBXSourcesBuildPhase section */

/* Begin PBXVariantGroup section */
		75D5CB4929F98F8300F8761B /* LaunchScreen.storyboard */ = {
			isa = PBXVariantGroup;
			children = (
				75D5CB4A29F98F8300F8761B /* Base */,
			);
			name = LaunchScreen.storyboard;
			sourceTree = "<group>";
		};
/* End PBXVariantGroup section */

/* Begin XCBuildConfiguration section */
		75D5CB4D29F98F8300F8761B /* Debug */ = {
			isa = XCBuildConfiguration;
			buildSettings = {
				ALWAYS_SEARCH_USER_PATHS = NO;
				CLANG_ANALYZER_NONNULL = YES;
				CLANG_ANALYZER_NUMBER_OBJECT_CONVERSION = YES_AGGRESSIVE;
				CLANG_CXX_LANGUAGE_STANDARD = "gnu++20";
				CLANG_ENABLE_MODULES = YES;
				CLANG_ENABLE_OBJC_ARC = YES;
				CLANG_ENABLE_OBJC_WEAK = YES;
				CLANG_WARN_BLOCK_CAPTURE_AUTORELEASING = YES;
				CLANG_WARN_BOOL_CONVERSION = YES;
				CLANG_WARN_COMMA = YES;
				CLANG_WARN_CONSTANT_CONVERSION = YES;
				CLANG_WARN_DEPRECATED_OBJC_IMPLEMENTATIONS = YES;
				CLANG_WARN_DIRECT_OBJC_ISA_USAGE = YES_ERROR;
				CLANG_WARN_DOCUMENTATION_COMMENTS = YES;
				CLANG_WARN_EMPTY_BODY = YES;
				CLANG_WARN_ENUM_CONVERSION = YES;
				CLANG_WARN_INFINITE_RECURSION = YES;
				CLANG_WARN_INT_CONVERSION = YES;
				CLANG_WARN_NON_LITERAL_NULL_CONVERSION = YES;
				CLANG_WARN_OBJC_IMPLICIT_RETAIN_SELF = YES;
				CLANG_WARN_OBJC_LITERAL_CONVERSION = YES;
				CLANG_WARN_OBJC_ROOT_CLASS = YES_ERROR;
				CLANG_WARN_QUOTED_INCLUDE_IN_FRAMEWORK_HEADER = YES;
				CLANG_WARN_RANGE_LOOP_ANALYSIS = YES;
				CLANG_WARN_STRICT_PROTOTYPES = YES;
				CLANG_WARN_SUSPICIOUS_MOVE = YES;
				CLANG_WARN_UNGUARDED_AVAILABILITY = YES_AGGRESSIVE;
				CLANG_WARN_UNREACHABLE_CODE = YES;
				CLANG_WARN__DUPLICATE_METHOD_MATCH = YES;
				COPY_PHASE_STRIP = NO;
				DEBUG_INFORMATION_FORMAT = dwarf;
				ENABLE_STRICT_OBJC_MSGSEND = YES;
				ENABLE_TESTABILITY = YES;
				GCC_C_LANGUAGE_STANDARD = gnu11;
				GCC_DYNAMIC_NO_PIC = NO;
				GCC_NO_COMMON_BLOCKS = YES;
				GCC_OPTIMIZATION_LEVEL = 0;
				GCC_PREPROCESSOR_DEFINITIONS = (
					"DEBUG=1",
					"$(inherited)",
				);
				GCC_WARN_64_TO_32_BIT_CONVERSION = YES;
				GCC_WARN_ABOUT_RETURN_TYPE = YES_ERROR;
				GCC_WARN_UNDECLARED_SELECTOR = YES;
				GCC_WARN_UNINITIALIZED_AUTOS = YES_AGGRESSIVE;
				GCC_WARN_UNUSED_FUNCTION = YES;
				GCC_WARN_UNUSED_VARIABLE = YES;
				IPHONEOS_DEPLOYMENT_TARGET = 15.0;
				MTL_ENABLE_DEBUG_INFO = INCLUDE_SOURCE;
				MTL_FAST_MATH = YES;
				ONLY_ACTIVE_ARCH = YES;
				SDKROOT = iphoneos;
				SWIFT_ACTIVE_COMPILATION_CONDITIONS = DEBUG;
				SWIFT_OPTIMIZATION_LEVEL = "-Onone";
			};
			name = Debug;
		};
		75D5CB4E29F98F8300F8761B /* Release */ = {
			isa = XCBuildConfiguration;
			buildSettings = {
				ALWAYS_SEARCH_USER_PATHS = NO;
				CLANG_ANALYZER_NONNULL = YES;
				CLANG_ANALYZER_NUMBER_OBJECT_CONVERSION = YES_AGGRESSIVE;
				CLANG_CXX_LANGUAGE_STANDARD = "gnu++20";
				CLANG_ENABLE_MODULES = YES;
				CLANG_ENABLE_OBJC_ARC = YES;
				CLANG_ENABLE_OBJC_WEAK = YES;
				CLANG_WARN_BLOCK_CAPTURE_AUTORELEASING = YES;
				CLANG_WARN_BOOL_CONVERSION = YES;
				CLANG_WARN_COMMA = YES;
				CLANG_WARN_CONSTANT_CONVERSION = YES;
				CLANG_WARN_DEPRECATED_OBJC_IMPLEMENTATIONS = YES;
				CLANG_WARN_DIRECT_OBJC_ISA_USAGE = YES_ERROR;
				CLANG_WARN_DOCUMENTATION_COMMENTS = YES;
				CLANG_WARN_EMPTY_BODY = YES;
				CLANG_WARN_ENUM_CONVERSION = YES;
				CLANG_WARN_INFINITE_RECURSION = YES;
				CLANG_WARN_INT_CONVERSION = YES;
				CLANG_WARN_NON_LITERAL_NULL_CONVERSION = YES;
				CLANG_WARN_OBJC_IMPLICIT_RETAIN_SELF = YES;
				CLANG_WARN_OBJC_LITERAL_CONVERSION = YES;
				CLANG_WARN_OBJC_ROOT_CLASS = YES_ERROR;
				CLANG_WARN_QUOTED_INCLUDE_IN_FRAMEWORK_HEADER = YES;
				CLANG_WARN_RANGE_LOOP_ANALYSIS = YES;
				CLANG_WARN_STRICT_PROTOTYPES = YES;
				CLANG_WARN_SUSPICIOUS_MOVE = YES;
				CLANG_WARN_UNGUARDED_AVAILABILITY = YES_AGGRESSIVE;
				CLANG_WARN_UNREACHABLE_CODE = YES;
				CLANG_WARN__DUPLICATE_METHOD_MATCH = YES;
				COPY_PHASE_STRIP = NO;
				DEBUG_INFORMATION_FORMAT = "dwarf-with-dsym";
				ENABLE_NS_ASSERTIONS = NO;
				ENABLE_STRICT_OBJC_MSGSEND = YES;
				GCC_C_LANGUAGE_STANDARD = gnu11;
				GCC_NO_COMMON_BLOCKS = YES;
				GCC_WARN_64_TO_32_BIT_CONVERSION = YES;
				GCC_WARN_ABOUT_RETURN_TYPE = YES_ERROR;
				GCC_WARN_UNDECLARED_SELECTOR = YES;
				GCC_WARN_UNINITIALIZED_AUTOS = YES_AGGRESSIVE;
				GCC_WARN_UNUSED_FUNCTION = YES;
				GCC_WARN_UNUSED_VARIABLE = YES;
				IPHONEOS_DEPLOYMENT_TARGET = 15.0;
				MTL_ENABLE_DEBUG_INFO = NO;
				MTL_FAST_MATH = YES;
				SDKROOT = iphoneos;
				SWIFT_COMPILATION_MODE = wholemodule;
				SWIFT_OPTIMIZATION_LEVEL = "-O";
				VALIDATE_PRODUCT = YES;
			};
			name = Release;
		};
		75D5CB5029F98F8300F8761B /* Debug */ = {
			isa = XCBuildConfiguration;
			buildSettings = {
				ASSETCATALOG_COMPILER_APPICON_NAME = AppIcon;
				ASSETCATALOG_COMPILER_GLOBAL_ACCENT_COLOR_NAME = AccentColor;
				CODE_SIGN_STYLE = Automatic;
				CURRENT_PROJECT_VERSION = 1;
				DEVELOPMENT_TEAM = 7M52TR9EGY;
				GENERATE_INFOPLIST_FILE = YES;
				INFOPLIST_FILE = "mobileup-vkimage/Info.plist";
				INFOPLIST_KEY_CFBundleDisplayName = "VK Image";
				INFOPLIST_KEY_LSApplicationCategoryType = "public.app-category.social-networking";
				INFOPLIST_KEY_UIApplicationSupportsIndirectInputEvents = YES;
				INFOPLIST_KEY_UILaunchStoryboardName = LaunchScreen;
				INFOPLIST_KEY_UISupportedInterfaceOrientations_iPad = "UIInterfaceOrientationPortrait UIInterfaceOrientationPortraitUpsideDown UIInterfaceOrientationLandscapeLeft UIInterfaceOrientationLandscapeRight";
				INFOPLIST_KEY_UISupportedInterfaceOrientations_iPhone = "UIInterfaceOrientationPortrait UIInterfaceOrientationLandscapeLeft UIInterfaceOrientationLandscapeRight";
				LD_RUNPATH_SEARCH_PATHS = (
					"$(inherited)",
					"@executable_path/Frameworks",
				);
				MARKETING_VERSION = 1.0;
				PRODUCT_BUNDLE_IDENTIFIER = "com.HansaDev.mobileup-vkimage";
				PRODUCT_NAME = "$(TARGET_NAME)";
				SWIFT_EMIT_LOC_STRINGS = YES;
				SWIFT_VERSION = 5.0;
				TARGETED_DEVICE_FAMILY = "1,2";
			};
			name = Debug;
		};
		75D5CB5129F98F8300F8761B /* Release */ = {
			isa = XCBuildConfiguration;
			buildSettings = {
				ASSETCATALOG_COMPILER_APPICON_NAME = AppIcon;
				ASSETCATALOG_COMPILER_GLOBAL_ACCENT_COLOR_NAME = AccentColor;
				CODE_SIGN_STYLE = Automatic;
				CURRENT_PROJECT_VERSION = 1;
				DEVELOPMENT_TEAM = 7M52TR9EGY;
				GENERATE_INFOPLIST_FILE = YES;
				INFOPLIST_FILE = "mobileup-vkimage/Info.plist";
				INFOPLIST_KEY_CFBundleDisplayName = "VK Image";
				INFOPLIST_KEY_LSApplicationCategoryType = "public.app-category.social-networking";
				INFOPLIST_KEY_UIApplicationSupportsIndirectInputEvents = YES;
				INFOPLIST_KEY_UILaunchStoryboardName = LaunchScreen;
				INFOPLIST_KEY_UISupportedInterfaceOrientations_iPad = "UIInterfaceOrientationPortrait UIInterfaceOrientationPortraitUpsideDown UIInterfaceOrientationLandscapeLeft UIInterfaceOrientationLandscapeRight";
				INFOPLIST_KEY_UISupportedInterfaceOrientations_iPhone = "UIInterfaceOrientationPortrait UIInterfaceOrientationLandscapeLeft UIInterfaceOrientationLandscapeRight";
				LD_RUNPATH_SEARCH_PATHS = (
					"$(inherited)",
					"@executable_path/Frameworks",
				);
				MARKETING_VERSION = 1.0;
				PRODUCT_BUNDLE_IDENTIFIER = "com.HansaDev.mobileup-vkimage";
				PRODUCT_NAME = "$(TARGET_NAME)";
				SWIFT_EMIT_LOC_STRINGS = YES;
				SWIFT_VERSION = 5.0;
				TARGETED_DEVICE_FAMILY = "1,2";
			};
			name = Release;
		};
/* End XCBuildConfiguration section */

/* Begin XCConfigurationList section */
		75D5CB3629F98F8100F8761B /* Build configuration list for PBXProject "mobileup-vkimage" */ = {
			isa = XCConfigurationList;
			buildConfigurations = (
				75D5CB4D29F98F8300F8761B /* Debug */,
				75D5CB4E29F98F8300F8761B /* Release */,
			);
			defaultConfigurationIsVisible = 0;
			defaultConfigurationName = Release;
		};
		75D5CB4F29F98F8300F8761B /* Build configuration list for PBXNativeTarget "mobileup-vkimage" */ = {
			isa = XCConfigurationList;
			buildConfigurations = (
				75D5CB5029F98F8300F8761B /* Debug */,
				75D5CB5129F98F8300F8761B /* Release */,
			);
			defaultConfigurationIsVisible = 0;
			defaultConfigurationName = Release;
		};
/* End XCConfigurationList section */
	};
	rootObject = 75D5CB3329F98F8100F8761B /* Project object */;
}
